// !$*UTF8*$!
{
	archiveVersion = 1;
	classes = {
	};
	objectVersion = 46;
	objects = {

/* Begin PBXBuildFile section */
		040A0A411EC1B18100727313 /* LoginView.m in Sources */ = {isa = PBXBuildFile; fileRef = 040A0A3B1EC1B18100727313 /* LoginView.m */; };
		040A0A421EC1B18100727313 /* RegisterView.m in Sources */ = {isa = PBXBuildFile; fileRef = 040A0A3D1EC1B18100727313 /* RegisterView.m */; };
		040A0A431EC1B18100727313 /* StartUp.m in Sources */ = {isa = PBXBuildFile; fileRef = 040A0A3F1EC1B18100727313 /* StartUp.m */; };
		040A0A461EC1B1C800727313 /* CheckUser.m in Sources */ = {isa = PBXBuildFile; fileRef = 040A0A451EC1B1C800727313 /* CheckUser.m */; };
		040A0A481EC1B2F200727313 /* Users.txt in Resources */ = {isa = PBXBuildFile; fileRef = 040A0A471EC1B2F200727313 /* Users.txt */; };
		040C10391EBABA2100E62BA1 /* MC_GuessYouLikeCell.m in Sources */ = {isa = PBXBuildFile; fileRef = 040C10371EBABA2100E62BA1 /* MC_GuessYouLikeCell.m */; };
		040C103A1EBABA2100E62BA1 /* MC_GuessYouLikeCell.xib in Resources */ = {isa = PBXBuildFile; fileRef = 040C10381EBABA2100E62BA1 /* MC_GuessYouLikeCell.xib */; };
		040C10551EBAF95700E62BA1 /* MC_CollectionViewCell.m in Sources */ = {isa = PBXBuildFile; fileRef = 040C10531EBAF95700E62BA1 /* MC_CollectionViewCell.m */; };
		040C10561EBAF95700E62BA1 /* MC_CollectionViewCell.xib in Resources */ = {isa = PBXBuildFile; fileRef = 040C10541EBAF95700E62BA1 /* MC_CollectionViewCell.xib */; };
		040C105B1EBAF98B00E62BA1 /* MC_CourseDetialCell.m in Sources */ = {isa = PBXBuildFile; fileRef = 040C10591EBAF98B00E62BA1 /* MC_CourseDetialCell.m */; };
		040C105C1EBAF98B00E62BA1 /* MC_CourseDetialCell.xib in Resources */ = {isa = PBXBuildFile; fileRef = 040C105A1EBAF98B00E62BA1 /* MC_CourseDetialCell.xib */; };
		040C105F1EBB071100E62BA1 /* MC_CapacityView.m in Sources */ = {isa = PBXBuildFile; fileRef = 040C105E1EBB071100E62BA1 /* MC_CapacityView.m */; };
		040C10621EBB1CA500E62BA1 /* UIImage+UIColor.m in Sources */ = {isa = PBXBuildFile; fileRef = 040C10611EBB1CA500E62BA1 /* UIImage+UIColor.m */; };
		040C10671EBB227C00E62BA1 /* MC_MineHeaderCell.m in Sources */ = {isa = PBXBuildFile; fileRef = 040C10651EBB227C00E62BA1 /* MC_MineHeaderCell.m */; };
		040C10681EBB227C00E62BA1 /* MC_MineHeaderCell.xib in Resources */ = {isa = PBXBuildFile; fileRef = 040C10661EBB227C00E62BA1 /* MC_MineHeaderCell.xib */; };
		040C106C1EBB22C300E62BA1 /* MC_MineCell.m in Sources */ = {isa = PBXBuildFile; fileRef = 040C106A1EBB22C300E62BA1 /* MC_MineCell.m */; };
		040C106D1EBB22C300E62BA1 /* MC_MineCell.xib in Resources */ = {isa = PBXBuildFile; fileRef = 040C106B1EBB22C300E62BA1 /* MC_MineCell.xib */; };
		040C10701EBB442900E62BA1 /* MC_MineHeaderCellView.m in Sources */ = {isa = PBXBuildFile; fileRef = 040C106F1EBB442900E62BA1 /* MC_MineHeaderCellView.m */; };
		040C10721EBB460700E62BA1 /* MC_MineHeaderCellView.xib in Resources */ = {isa = PBXBuildFile; fileRef = 040C10711EBB460700E62BA1 /* MC_MineHeaderCellView.xib */; };
		04447ADA1EB9D74400AF0F3C /* MC_TeacherRecommendedCell.m in Sources */ = {isa = PBXBuildFile; fileRef = 04447AD81EB9D74400AF0F3C /* MC_TeacherRecommendedCell.m */; };
		04447ADB1EB9D74400AF0F3C /* MC_TeacherRecommendedCell.xib in Resources */ = {isa = PBXBuildFile; fileRef = 04447AD91EB9D74400AF0F3C /* MC_TeacherRecommendedCell.xib */; };
		04447ADF1EB9DC3500AF0F3C /* MC_TeacherDetial.m in Sources */ = {isa = PBXBuildFile; fileRef = 04447ADE1EB9DC3500AF0F3C /* MC_TeacherDetial.m */; };
		0451FAE61EB5E89C007F72BA /* MC_AdvertisingCell.m in Sources */ = {isa = PBXBuildFile; fileRef = 0451FAD31EB5E89C007F72BA /* MC_AdvertisingCell.m */; };
		0451FAE71EB5E89C007F72BA /* MC_AdvertisingCell.xib in Resources */ = {isa = PBXBuildFile; fileRef = 0451FAD41EB5E89C007F72BA /* MC_AdvertisingCell.xib */; };
		0451FAE81EB5E89C007F72BA /* MC_CareerPathCell.m in Sources */ = {isa = PBXBuildFile; fileRef = 0451FAD71EB5E89C007F72BA /* MC_CareerPathCell.m */; };
		0451FAE91EB5E89C007F72BA /* MC_CareerPathCell.xib in Resources */ = {isa = PBXBuildFile; fileRef = 0451FAD81EB5E89C007F72BA /* MC_CareerPathCell.xib */; };
		0451FAEA1EB5E89C007F72BA /* MC_CourseRecommendCell.m in Sources */ = {isa = PBXBuildFile; fileRef = 0451FADC1EB5E89C007F72BA /* MC_CourseRecommendCell.m */; };
		0451FAEB1EB5E89C007F72BA /* MC_CourseRecommendCell.xib in Resources */ = {isa = PBXBuildFile; fileRef = 0451FADD1EB5E89C007F72BA /* MC_CourseRecommendCell.xib */; };
		0451FAEC1EB5E89C007F72BA /* MC_SubView.m in Sources */ = {isa = PBXBuildFile; fileRef = 0451FAE01EB5E89C007F72BA /* MC_SubView.m */; };
		0451FAED1EB5E89C007F72BA /* MC_SubView.xib in Resources */ = {isa = PBXBuildFile; fileRef = 0451FAE11EB5E89C007F72BA /* MC_SubView.xib */; };
		0451FAEE1EB5E89C007F72BA /* MC_HeaderCell.m in Sources */ = {isa = PBXBuildFile; fileRef = 0451FAE41EB5E89C007F72BA /* MC_HeaderCell.m */; };
		0451FAEF1EB5E89C007F72BA /* MC_HeaderCell.xib in Resources */ = {isa = PBXBuildFile; fileRef = 0451FAE51EB5E89C007F72BA /* MC_HeaderCell.xib */; };
		0451FAF31EB5E8D0007F72BA /* MC_CombatRecommendCell.m in Sources */ = {isa = PBXBuildFile; fileRef = 0451FAF11EB5E8D0007F72BA /* MC_CombatRecommendCell.m */; };
		0451FAF41EB5E8D0007F72BA /* MC_CombatRecommendCell.xib in Resources */ = {isa = PBXBuildFile; fileRef = 0451FAF21EB5E8D0007F72BA /* MC_CombatRecommendCell.xib */; };
		0451FAF81EB5E93F007F72BA /* MC_BaseCell.m in Sources */ = {isa = PBXBuildFile; fileRef = 0451FAF71EB5E93F007F72BA /* MC_BaseCell.m */; };
		0474F93D1EA0A197002395EE /* main.m in Sources */ = {isa = PBXBuildFile; fileRef = 0474F93C1EA0A197002395EE /* main.m */; };
		0474F9481EA0A197002395EE /* Assets.xcassets in Resources */ = {isa = PBXBuildFile; fileRef = 0474F9471EA0A197002395EE /* Assets.xcassets */; };
		04D2B03E1EB329100030FF14 /* MC_ServiceForHeaderViewAndCell.m in Sources */ = {isa = PBXBuildFile; fileRef = 04D2B02C1EB329100030FF14 /* MC_ServiceForHeaderViewAndCell.m */; };
		04D2B03F1EB329100030FF14 /* MC_Header_Header.m in Sources */ = {isa = PBXBuildFile; fileRef = 04D2B0321EB329100030FF14 /* MC_Header_Header.m */; };
		04D2B0401EB329100030FF14 /* MC_SectionHeader.m in Sources */ = {isa = PBXBuildFile; fileRef = 04D2B0351EB329100030FF14 /* MC_SectionHeader.m */; };
		04E26C141EA4AFD6007778C1 /* LaunchScreen.storyboard in Resources */ = {isa = PBXBuildFile; fileRef = 04E26C121EA4AFD6007778C1 /* LaunchScreen.storyboard */; };
		04E9384D1EAF5F80008D6920 /* AppDelegate.m in Sources */ = {isa = PBXBuildFile; fileRef = 04E9381A1EAF5F80008D6920 /* AppDelegate.m */; };
		04E9384E1EAF5F80008D6920 /* InfoPlist.strings in Resources */ = {isa = PBXBuildFile; fileRef = 04E9381C1EAF5F80008D6920 /* InfoPlist.strings */; };
		04E9384F1EAF5F80008D6920 /* internationalization.strings in Resources */ = {isa = PBXBuildFile; fileRef = 04E9381E1EAF5F80008D6920 /* internationalization.strings */; };
		04E938501EAF5F80008D6920 /* MC_CourseViewController.m in Sources */ = {isa = PBXBuildFile; fileRef = 04E938251EAF5F80008D6920 /* MC_CourseViewController.m */; };
		04E938511EAF5F80008D6920 /* MC_DownloadViewController.m in Sources */ = {isa = PBXBuildFile; fileRef = 04E9382B1EAF5F80008D6920 /* MC_DownloadViewController.m */; };
		04E938521EAF5F80008D6920 /* MC_HomePageViewController.m in Sources */ = {isa = PBXBuildFile; fileRef = 04E938311EAF5F80008D6920 /* MC_HomePageViewController.m */; };
		04E938571EAF5F80008D6920 /* MC_MainControllerViewController.m in Sources */ = {isa = PBXBuildFile; fileRef = 04E938421EAF5F80008D6920 /* MC_MainControllerViewController.m */; };
		04E938581EAF5F80008D6920 /* MC_MineViewController.m in Sources */ = {isa = PBXBuildFile; fileRef = 04E938461EAF5F80008D6920 /* MC_MineViewController.m */; };
		04E938591EAF5F80008D6920 /* UIView+Frame.m in Sources */ = {isa = PBXBuildFile; fileRef = 04E9384C1EAF5F80008D6920 /* UIView+Frame.m */; };
		04F183291EC0967800751765 /* MC_DetialController.m in Sources */ = {isa = PBXBuildFile; fileRef = 04F183261EC0967800751765 /* MC_DetialController.m */; };
		04F1832A1EC0967800751765 /* MC_MenuController.m in Sources */ = {isa = PBXBuildFile; fileRef = 04F183281EC0967800751765 /* MC_MenuController.m */; };
		04F1832D1EC096AB00751765 /* MC_BuyMenuController.m in Sources */ = {isa = PBXBuildFile; fileRef = 04F1832C1EC096AB00751765 /* MC_BuyMenuController.m */; };
		04F183301EC09DE500751765 /* MC_VideoplayController.m in Sources */ = {isa = PBXBuildFile; fileRef = 04F1832F1EC09DE500751765 /* MC_VideoplayController.m */; };
		04F183351EC09E8B00751765 /* PlayerView.m in Sources */ = {isa = PBXBuildFile; fileRef = 04F183331EC09E8B00751765 /* PlayerView.m */; };
		04F183361EC09E8B00751765 /* PlayerView.xib in Resources */ = {isa = PBXBuildFile; fileRef = 04F183341EC09E8B00751765 /* PlayerView.xib */; };
		04F183391EC0AD6200751765 /* MC_HeaderDetialController.m in Sources */ = {isa = PBXBuildFile; fileRef = 04F183381EC0AD6200751765 /* MC_HeaderDetialController.m */; };
		BA10E376A5C08237B6B33A15 /* libPods-MOOC.a in Frameworks */ = {isa = PBXBuildFile; fileRef = D994A27451854C008FA14C58 /* libPods-MOOC.a */; };
/* End PBXBuildFile section */

/* Begin PBXFileReference section */
		040A0A3A1EC1B18100727313 /* LoginView.h */ = {isa = PBXFileReference; fileEncoding = 4; lastKnownFileType = sourcecode.c.h; path = LoginView.h; sourceTree = "<group>"; };
		040A0A3B1EC1B18100727313 /* LoginView.m */ = {isa = PBXFileReference; fileEncoding = 4; lastKnownFileType = sourcecode.c.objc; path = LoginView.m; sourceTree = "<group>"; };
		040A0A3C1EC1B18100727313 /* RegisterView.h */ = {isa = PBXFileReference; fileEncoding = 4; lastKnownFileType = sourcecode.c.h; path = RegisterView.h; sourceTree = "<group>"; };
		040A0A3D1EC1B18100727313 /* RegisterView.m */ = {isa = PBXFileReference; fileEncoding = 4; lastKnownFileType = sourcecode.c.objc; path = RegisterView.m; sourceTree = "<group>"; };
		040A0A3E1EC1B18100727313 /* StartUp.h */ = {isa = PBXFileReference; fileEncoding = 4; lastKnownFileType = sourcecode.c.h; path = StartUp.h; sourceTree = "<group>"; };
		040A0A3F1EC1B18100727313 /* StartUp.m */ = {isa = PBXFileReference; fileEncoding = 4; lastKnownFileType = sourcecode.c.objc; path = StartUp.m; sourceTree = "<group>"; };
		040A0A441EC1B1C800727313 /* CheckUser.h */ = {isa = PBXFileReference; fileEncoding = 4; lastKnownFileType = sourcecode.c.h; path = CheckUser.h; sourceTree = "<group>"; };
		040A0A451EC1B1C800727313 /* CheckUser.m */ = {isa = PBXFileReference; fileEncoding = 4; lastKnownFileType = sourcecode.c.objc; path = CheckUser.m; sourceTree = "<group>"; };
		040A0A471EC1B2F200727313 /* Users.txt */ = {isa = PBXFileReference; fileEncoding = 4; lastKnownFileType = text; path = Users.txt; sourceTree = "<group>"; };
		040C10361EBABA2100E62BA1 /* MC_GuessYouLikeCell.h */ = {isa = PBXFileReference; fileEncoding = 4; lastKnownFileType = sourcecode.c.h; path = MC_GuessYouLikeCell.h; sourceTree = "<group>"; };
		040C10371EBABA2100E62BA1 /* MC_GuessYouLikeCell.m */ = {isa = PBXFileReference; fileEncoding = 4; lastKnownFileType = sourcecode.c.objc; path = MC_GuessYouLikeCell.m; sourceTree = "<group>"; };
		040C10381EBABA2100E62BA1 /* MC_GuessYouLikeCell.xib */ = {isa = PBXFileReference; fileEncoding = 4; lastKnownFileType = file.xib; path = MC_GuessYouLikeCell.xib; sourceTree = "<group>"; };
		040C10521EBAF95700E62BA1 /* MC_CollectionViewCell.h */ = {isa = PBXFileReference; fileEncoding = 4; lastKnownFileType = sourcecode.c.h; path = MC_CollectionViewCell.h; sourceTree = "<group>"; };
		040C10531EBAF95700E62BA1 /* MC_CollectionViewCell.m */ = {isa = PBXFileReference; fileEncoding = 4; lastKnownFileType = sourcecode.c.objc; path = MC_CollectionViewCell.m; sourceTree = "<group>"; };
		040C10541EBAF95700E62BA1 /* MC_CollectionViewCell.xib */ = {isa = PBXFileReference; fileEncoding = 4; lastKnownFileType = file.xib; path = MC_CollectionViewCell.xib; sourceTree = "<group>"; };
		040C10581EBAF98B00E62BA1 /* MC_CourseDetialCell.h */ = {isa = PBXFileReference; fileEncoding = 4; lastKnownFileType = sourcecode.c.h; path = MC_CourseDetialCell.h; sourceTree = "<group>"; };
		040C10591EBAF98B00E62BA1 /* MC_CourseDetialCell.m */ = {isa = PBXFileReference; fileEncoding = 4; lastKnownFileType = sourcecode.c.objc; path = MC_CourseDetialCell.m; sourceTree = "<group>"; };
		040C105A1EBAF98B00E62BA1 /* MC_CourseDetialCell.xib */ = {isa = PBXFileReference; fileEncoding = 4; lastKnownFileType = file.xib; path = MC_CourseDetialCell.xib; sourceTree = "<group>"; };
		040C105D1EBB071100E62BA1 /* MC_CapacityView.h */ = {isa = PBXFileReference; fileEncoding = 4; lastKnownFileType = sourcecode.c.h; path = MC_CapacityView.h; sourceTree = "<group>"; };
		040C105E1EBB071100E62BA1 /* MC_CapacityView.m */ = {isa = PBXFileReference; fileEncoding = 4; lastKnownFileType = sourcecode.c.objc; path = MC_CapacityView.m; sourceTree = "<group>"; };
		040C10601EBB1CA500E62BA1 /* UIImage+UIColor.h */ = {isa = PBXFileReference; fileEncoding = 4; lastKnownFileType = sourcecode.c.h; path = "UIImage+UIColor.h"; sourceTree = "<group>"; };
		040C10611EBB1CA500E62BA1 /* UIImage+UIColor.m */ = {isa = PBXFileReference; fileEncoding = 4; lastKnownFileType = sourcecode.c.objc; path = "UIImage+UIColor.m"; sourceTree = "<group>"; };
		040C10641EBB227C00E62BA1 /* MC_MineHeaderCell.h */ = {isa = PBXFileReference; fileEncoding = 4; lastKnownFileType = sourcecode.c.h; path = MC_MineHeaderCell.h; sourceTree = "<group>"; };
		040C10651EBB227C00E62BA1 /* MC_MineHeaderCell.m */ = {isa = PBXFileReference; fileEncoding = 4; lastKnownFileType = sourcecode.c.objc; path = MC_MineHeaderCell.m; sourceTree = "<group>"; };
		040C10661EBB227C00E62BA1 /* MC_MineHeaderCell.xib */ = {isa = PBXFileReference; fileEncoding = 4; lastKnownFileType = file.xib; path = MC_MineHeaderCell.xib; sourceTree = "<group>"; };
		040C10691EBB22C300E62BA1 /* MC_MineCell.h */ = {isa = PBXFileReference; fileEncoding = 4; lastKnownFileType = sourcecode.c.h; path = MC_MineCell.h; sourceTree = "<group>"; };
		040C106A1EBB22C300E62BA1 /* MC_MineCell.m */ = {isa = PBXFileReference; fileEncoding = 4; lastKnownFileType = sourcecode.c.objc; path = MC_MineCell.m; sourceTree = "<group>"; };
		040C106B1EBB22C300E62BA1 /* MC_MineCell.xib */ = {isa = PBXFileReference; fileEncoding = 4; lastKnownFileType = file.xib; path = MC_MineCell.xib; sourceTree = "<group>"; };
		040C106E1EBB442900E62BA1 /* MC_MineHeaderCellView.h */ = {isa = PBXFileReference; fileEncoding = 4; lastKnownFileType = sourcecode.c.h; path = MC_MineHeaderCellView.h; sourceTree = "<group>"; };
		040C106F1EBB442900E62BA1 /* MC_MineHeaderCellView.m */ = {isa = PBXFileReference; fileEncoding = 4; lastKnownFileType = sourcecode.c.objc; path = MC_MineHeaderCellView.m; sourceTree = "<group>"; };
		040C10711EBB460700E62BA1 /* MC_MineHeaderCellView.xib */ = {isa = PBXFileReference; fileEncoding = 4; lastKnownFileType = file.xib; path = MC_MineHeaderCellView.xib; sourceTree = "<group>"; };
		04447AD71EB9D74400AF0F3C /* MC_TeacherRecommendedCell.h */ = {isa = PBXFileReference; fileEncoding = 4; lastKnownFileType = sourcecode.c.h; path = MC_TeacherRecommendedCell.h; sourceTree = "<group>"; };
		04447AD81EB9D74400AF0F3C /* MC_TeacherRecommendedCell.m */ = {isa = PBXFileReference; fileEncoding = 4; lastKnownFileType = sourcecode.c.objc; path = MC_TeacherRecommendedCell.m; sourceTree = "<group>"; };
		04447AD91EB9D74400AF0F3C /* MC_TeacherRecommendedCell.xib */ = {isa = PBXFileReference; fileEncoding = 4; lastKnownFileType = file.xib; path = MC_TeacherRecommendedCell.xib; sourceTree = "<group>"; };
		04447ADD1EB9DC3500AF0F3C /* MC_TeacherDetial.h */ = {isa = PBXFileReference; fileEncoding = 4; lastKnownFileType = sourcecode.c.h; path = MC_TeacherDetial.h; sourceTree = "<group>"; };
		04447ADE1EB9DC3500AF0F3C /* MC_TeacherDetial.m */ = {isa = PBXFileReference; fileEncoding = 4; lastKnownFileType = sourcecode.c.objc; path = MC_TeacherDetial.m; sourceTree = "<group>"; };
		0451FAD21EB5E89C007F72BA /* MC_AdvertisingCell.h */ = {isa = PBXFileReference; fileEncoding = 4; lastKnownFileType = sourcecode.c.h; path = MC_AdvertisingCell.h; sourceTree = "<group>"; };
		0451FAD31EB5E89C007F72BA /* MC_AdvertisingCell.m */ = {isa = PBXFileReference; fileEncoding = 4; lastKnownFileType = sourcecode.c.objc; path = MC_AdvertisingCell.m; sourceTree = "<group>"; };
		0451FAD41EB5E89C007F72BA /* MC_AdvertisingCell.xib */ = {isa = PBXFileReference; fileEncoding = 4; lastKnownFileType = file.xib; path = MC_AdvertisingCell.xib; sourceTree = "<group>"; };
		0451FAD61EB5E89C007F72BA /* MC_CareerPathCell.h */ = {isa = PBXFileReference; fileEncoding = 4; lastKnownFileType = sourcecode.c.h; path = MC_CareerPathCell.h; sourceTree = "<group>"; };
		0451FAD71EB5E89C007F72BA /* MC_CareerPathCell.m */ = {isa = PBXFileReference; fileEncoding = 4; lastKnownFileType = sourcecode.c.objc; path = MC_CareerPathCell.m; sourceTree = "<group>"; };
		0451FAD81EB5E89C007F72BA /* MC_CareerPathCell.xib */ = {isa = PBXFileReference; fileEncoding = 4; lastKnownFileType = file.xib; path = MC_CareerPathCell.xib; sourceTree = "<group>"; };
		0451FADB1EB5E89C007F72BA /* MC_CourseRecommendCell.h */ = {isa = PBXFileReference; fileEncoding = 4; lastKnownFileType = sourcecode.c.h; path = MC_CourseRecommendCell.h; sourceTree = "<group>"; };
		0451FADC1EB5E89C007F72BA /* MC_CourseRecommendCell.m */ = {isa = PBXFileReference; fileEncoding = 4; lastKnownFileType = sourcecode.c.objc; path = MC_CourseRecommendCell.m; sourceTree = "<group>"; };
		0451FADD1EB5E89C007F72BA /* MC_CourseRecommendCell.xib */ = {isa = PBXFileReference; fileEncoding = 4; lastKnownFileType = file.xib; path = MC_CourseRecommendCell.xib; sourceTree = "<group>"; };
		0451FADF1EB5E89C007F72BA /* MC_SubView.h */ = {isa = PBXFileReference; fileEncoding = 4; lastKnownFileType = sourcecode.c.h; path = MC_SubView.h; sourceTree = "<group>"; };
		0451FAE01EB5E89C007F72BA /* MC_SubView.m */ = {isa = PBXFileReference; fileEncoding = 4; lastKnownFileType = sourcecode.c.objc; path = MC_SubView.m; sourceTree = "<group>"; };
		0451FAE11EB5E89C007F72BA /* MC_SubView.xib */ = {isa = PBXFileReference; fileEncoding = 4; lastKnownFileType = file.xib; path = MC_SubView.xib; sourceTree = "<group>"; };
		0451FAE31EB5E89C007F72BA /* MC_HeaderCell.h */ = {isa = PBXFileReference; fileEncoding = 4; lastKnownFileType = sourcecode.c.h; path = MC_HeaderCell.h; sourceTree = "<group>"; };
		0451FAE41EB5E89C007F72BA /* MC_HeaderCell.m */ = {isa = PBXFileReference; fileEncoding = 4; lastKnownFileType = sourcecode.c.objc; path = MC_HeaderCell.m; sourceTree = "<group>"; };
		0451FAE51EB5E89C007F72BA /* MC_HeaderCell.xib */ = {isa = PBXFileReference; fileEncoding = 4; lastKnownFileType = file.xib; path = MC_HeaderCell.xib; sourceTree = "<group>"; };
		0451FAF01EB5E8D0007F72BA /* MC_CombatRecommendCell.h */ = {isa = PBXFileReference; fileEncoding = 4; lastKnownFileType = sourcecode.c.h; path = MC_CombatRecommendCell.h; sourceTree = "<group>"; };
		0451FAF11EB5E8D0007F72BA /* MC_CombatRecommendCell.m */ = {isa = PBXFileReference; fileEncoding = 4; lastKnownFileType = sourcecode.c.objc; path = MC_CombatRecommendCell.m; sourceTree = "<group>"; };
		0451FAF21EB5E8D0007F72BA /* MC_CombatRecommendCell.xib */ = {isa = PBXFileReference; fileEncoding = 4; lastKnownFileType = file.xib; path = MC_CombatRecommendCell.xib; sourceTree = "<group>"; };
		0451FAF61EB5E93F007F72BA /* MC_BaseCell.h */ = {isa = PBXFileReference; fileEncoding = 4; lastKnownFileType = sourcecode.c.h; path = MC_BaseCell.h; sourceTree = "<group>"; };
		0451FAF71EB5E93F007F72BA /* MC_BaseCell.m */ = {isa = PBXFileReference; fileEncoding = 4; lastKnownFileType = sourcecode.c.objc; path = MC_BaseCell.m; sourceTree = "<group>"; };
		0474F9381EA0A197002395EE /* MOOC.app */ = {isa = PBXFileReference; explicitFileType = wrapper.application; includeInIndex = 0; path = MOOC.app; sourceTree = BUILT_PRODUCTS_DIR; };
		0474F93C1EA0A197002395EE /* main.m */ = {isa = PBXFileReference; lastKnownFileType = sourcecode.c.objc; path = main.m; sourceTree = "<group>"; };
		0474F9471EA0A197002395EE /* Assets.xcassets */ = {isa = PBXFileReference; lastKnownFileType = folder.assetcatalog; path = Assets.xcassets; sourceTree = "<group>"; };
		0474F94C1EA0A197002395EE /* Info.plist */ = {isa = PBXFileReference; lastKnownFileType = text.plist.xml; path = Info.plist; sourceTree = "<group>"; };
		04D2B02B1EB329100030FF14 /* MC_ServiceForHeaderViewAndCell.h */ = {isa = PBXFileReference; fileEncoding = 4; lastKnownFileType = sourcecode.c.h; path = MC_ServiceForHeaderViewAndCell.h; sourceTree = "<group>"; };
		04D2B02C1EB329100030FF14 /* MC_ServiceForHeaderViewAndCell.m */ = {isa = PBXFileReference; fileEncoding = 4; lastKnownFileType = sourcecode.c.objc; path = MC_ServiceForHeaderViewAndCell.m; sourceTree = "<group>"; };
		04D2B02E1EB329100030FF14 /* MC_PushToViewControllerProtocol.h */ = {isa = PBXFileReference; fileEncoding = 4; lastKnownFileType = sourcecode.c.h; path = MC_PushToViewControllerProtocol.h; sourceTree = "<group>"; };
		04D2B0311EB329100030FF14 /* MC_Header_Header.h */ = {isa = PBXFileReference; fileEncoding = 4; lastKnownFileType = sourcecode.c.h; path = MC_Header_Header.h; sourceTree = "<group>"; };
		04D2B0321EB329100030FF14 /* MC_Header_Header.m */ = {isa = PBXFileReference; fileEncoding = 4; lastKnownFileType = sourcecode.c.objc; path = MC_Header_Header.m; sourceTree = "<group>"; };
		04D2B0341EB329100030FF14 /* MC_SectionHeader.h */ = {isa = PBXFileReference; fileEncoding = 4; lastKnownFileType = sourcecode.c.h; path = MC_SectionHeader.h; sourceTree = "<group>"; };
		04D2B0351EB329100030FF14 /* MC_SectionHeader.m */ = {isa = PBXFileReference; fileEncoding = 4; lastKnownFileType = sourcecode.c.objc; path = MC_SectionHeader.m; sourceTree = "<group>"; };
		04E26C251EA4B0D2007778C1 /* en */ = {isa = PBXFileReference; lastKnownFileType = file.storyboard; name = en; path = en.lproj/LaunchScreen.storyboard; sourceTree = "<group>"; };
		04E26C261EA4B0D8007778C1 /* zh-Hans */ = {isa = PBXFileReference; lastKnownFileType = file.storyboard; name = "zh-Hans"; path = "zh-Hans.lproj/LaunchScreen.storyboard"; sourceTree = "<group>"; };
		04E26C281EA4B3ED007778C1 /* Base */ = {isa = PBXFileReference; lastKnownFileType = file.storyboard; name = Base; path = Base.lproj/LaunchScreen.storyboard; sourceTree = "<group>"; };
		04E938191EAF5F80008D6920 /* AppDelegate.h */ = {isa = PBXFileReference; fileEncoding = 4; lastKnownFileType = sourcecode.c.h; path = AppDelegate.h; sourceTree = "<group>"; };
		04E9381A1EAF5F80008D6920 /* AppDelegate.m */ = {isa = PBXFileReference; fileEncoding = 4; lastKnownFileType = sourcecode.c.objc; path = AppDelegate.m; sourceTree = "<group>"; };
		04E9381D1EAF5F80008D6920 /* en */ = {isa = PBXFileReference; lastKnownFileType = text.plist.strings; name = en; path = en.lproj/InfoPlist.strings; sourceTree = "<group>"; };
		04E9381F1EAF5F80008D6920 /* en */ = {isa = PBXFileReference; lastKnownFileType = text.plist.strings; name = en; path = en.lproj/internationalization.strings; sourceTree = "<group>"; };
		04E938201EAF5F80008D6920 /* zh-Hans */ = {isa = PBXFileReference; lastKnownFileType = text.plist.strings; name = "zh-Hans"; path = "zh-Hans.lproj/InfoPlist.strings"; sourceTree = "<group>"; };
		04E938211EAF5F80008D6920 /* zh-Hans */ = {isa = PBXFileReference; lastKnownFileType = text.plist.strings; name = "zh-Hans"; path = "zh-Hans.lproj/internationalization.strings"; sourceTree = "<group>"; };
		04E938241EAF5F80008D6920 /* MC_CourseViewController.h */ = {isa = PBXFileReference; fileEncoding = 4; lastKnownFileType = sourcecode.c.h; path = MC_CourseViewController.h; sourceTree = "<group>"; };
		04E938251EAF5F80008D6920 /* MC_CourseViewController.m */ = {isa = PBXFileReference; fileEncoding = 4; lastKnownFileType = sourcecode.c.objc; path = MC_CourseViewController.m; sourceTree = "<group>"; };
		04E9382A1EAF5F80008D6920 /* MC_DownloadViewController.h */ = {isa = PBXFileReference; fileEncoding = 4; lastKnownFileType = sourcecode.c.h; path = MC_DownloadViewController.h; sourceTree = "<group>"; };
		04E9382B1EAF5F80008D6920 /* MC_DownloadViewController.m */ = {isa = PBXFileReference; fileEncoding = 4; lastKnownFileType = sourcecode.c.objc; path = MC_DownloadViewController.m; sourceTree = "<group>"; };
		04E938301EAF5F80008D6920 /* MC_HomePageViewController.h */ = {isa = PBXFileReference; fileEncoding = 4; lastKnownFileType = sourcecode.c.h; path = MC_HomePageViewController.h; sourceTree = "<group>"; };
		04E938311EAF5F80008D6920 /* MC_HomePageViewController.m */ = {isa = PBXFileReference; fileEncoding = 4; lastKnownFileType = sourcecode.c.objc; path = MC_HomePageViewController.m; sourceTree = "<group>"; };
		04E938411EAF5F80008D6920 /* MC_MainControllerViewController.h */ = {isa = PBXFileReference; fileEncoding = 4; lastKnownFileType = sourcecode.c.h; path = MC_MainControllerViewController.h; sourceTree = "<group>"; };
		04E938421EAF5F80008D6920 /* MC_MainControllerViewController.m */ = {isa = PBXFileReference; fileEncoding = 4; lastKnownFileType = sourcecode.c.objc; path = MC_MainControllerViewController.m; sourceTree = "<group>"; };
		04E938451EAF5F80008D6920 /* MC_MineViewController.h */ = {isa = PBXFileReference; fileEncoding = 4; lastKnownFileType = sourcecode.c.h; path = MC_MineViewController.h; sourceTree = "<group>"; };
		04E938461EAF5F80008D6920 /* MC_MineViewController.m */ = {isa = PBXFileReference; fileEncoding = 4; lastKnownFileType = sourcecode.c.objc; path = MC_MineViewController.m; sourceTree = "<group>"; };
		04E9384A1EAF5F80008D6920 /* MOOCHeader.pch */ = {isa = PBXFileReference; fileEncoding = 4; lastKnownFileType = sourcecode.c.h; path = MOOCHeader.pch; sourceTree = "<group>"; };
		04E9384B1EAF5F80008D6920 /* UIView+Frame.h */ = {isa = PBXFileReference; fileEncoding = 4; lastKnownFileType = sourcecode.c.h; path = "UIView+Frame.h"; sourceTree = "<group>"; };
		04E9384C1EAF5F80008D6920 /* UIView+Frame.m */ = {isa = PBXFileReference; fileEncoding = 4; lastKnownFileType = sourcecode.c.objc; path = "UIView+Frame.m"; sourceTree = "<group>"; };
		04F183251EC0967800751765 /* MC_DetialController.h */ = {isa = PBXFileReference; fileEncoding = 4; lastKnownFileType = sourcecode.c.h; path = MC_DetialController.h; sourceTree = "<group>"; };
		04F183261EC0967800751765 /* MC_DetialController.m */ = {isa = PBXFileReference; fileEncoding = 4; lastKnownFileType = sourcecode.c.objc; path = MC_DetialController.m; sourceTree = "<group>"; };
		04F183271EC0967800751765 /* MC_MenuController.h */ = {isa = PBXFileReference; fileEncoding = 4; lastKnownFileType = sourcecode.c.h; path = MC_MenuController.h; sourceTree = "<group>"; };
		04F183281EC0967800751765 /* MC_MenuController.m */ = {isa = PBXFileReference; fileEncoding = 4; lastKnownFileType = sourcecode.c.objc; path = MC_MenuController.m; sourceTree = "<group>"; };
		04F1832B1EC096AB00751765 /* MC_BuyMenuController.h */ = {isa = PBXFileReference; fileEncoding = 4; lastKnownFileType = sourcecode.c.h; path = MC_BuyMenuController.h; sourceTree = "<group>"; };
		04F1832C1EC096AB00751765 /* MC_BuyMenuController.m */ = {isa = PBXFileReference; fileEncoding = 4; lastKnownFileType = sourcecode.c.objc; path = MC_BuyMenuController.m; sourceTree = "<group>"; };
		04F1832E1EC09DE500751765 /* MC_VideoplayController.h */ = {isa = PBXFileReference; fileEncoding = 4; lastKnownFileType = sourcecode.c.h; path = MC_VideoplayController.h; sourceTree = "<group>"; };
		04F1832F1EC09DE500751765 /* MC_VideoplayController.m */ = {isa = PBXFileReference; fileEncoding = 4; lastKnownFileType = sourcecode.c.objc; path = MC_VideoplayController.m; sourceTree = "<group>"; };
		04F183321EC09E8B00751765 /* PlayerView.h */ = {isa = PBXFileReference; fileEncoding = 4; lastKnownFileType = sourcecode.c.h; path = PlayerView.h; sourceTree = "<group>"; };
		04F183331EC09E8B00751765 /* PlayerView.m */ = {isa = PBXFileReference; fileEncoding = 4; lastKnownFileType = sourcecode.c.objc; path = PlayerView.m; sourceTree = "<group>"; };
		04F183341EC09E8B00751765 /* PlayerView.xib */ = {isa = PBXFileReference; fileEncoding = 4; lastKnownFileType = file.xib; path = PlayerView.xib; sourceTree = "<group>"; };
		04F183371EC0AD6200751765 /* MC_HeaderDetialController.h */ = {isa = PBXFileReference; fileEncoding = 4; lastKnownFileType = sourcecode.c.h; path = MC_HeaderDetialController.h; sourceTree = "<group>"; };
		04F183381EC0AD6200751765 /* MC_HeaderDetialController.m */ = {isa = PBXFileReference; fileEncoding = 4; lastKnownFileType = sourcecode.c.objc; path = MC_HeaderDetialController.m; sourceTree = "<group>"; };
		350FE540159103E38D109308 /* Pods-MOOC.debug.xcconfig */ = {isa = PBXFileReference; includeInIndex = 1; lastKnownFileType = text.xcconfig; name = "Pods-MOOC.debug.xcconfig"; path = "Pods/Target Support Files/Pods-MOOC/Pods-MOOC.debug.xcconfig"; sourceTree = "<group>"; };
		9852E0654E0CE718799F9128 /* Pods-MOOC.release.xcconfig */ = {isa = PBXFileReference; includeInIndex = 1; lastKnownFileType = text.xcconfig; name = "Pods-MOOC.release.xcconfig"; path = "Pods/Target Support Files/Pods-MOOC/Pods-MOOC.release.xcconfig"; sourceTree = "<group>"; };
		D994A27451854C008FA14C58 /* libPods-MOOC.a */ = {isa = PBXFileReference; explicitFileType = archive.ar; includeInIndex = 0; path = "libPods-MOOC.a"; sourceTree = BUILT_PRODUCTS_DIR; };
/* End PBXFileReference section */

/* Begin PBXFrameworksBuildPhase section */
		0474F9351EA0A197002395EE /* Frameworks */ = {
			isa = PBXFrameworksBuildPhase;
			buildActionMask = 2147483647;
			files = (
				BA10E376A5C08237B6B33A15 /* libPods-MOOC.a in Frameworks */,
			);
			runOnlyForDeploymentPostprocessing = 0;
		};
/* End PBXFrameworksBuildPhase section */

/* Begin PBXGroup section */
		040A0A371EC1B18100727313 /* LoginControllerView */ = {
			isa = PBXGroup;
			children = (
				040A0A3E1EC1B18100727313 /* StartUp.h */,
				040A0A3F1EC1B18100727313 /* StartUp.m */,
				040A0A3A1EC1B18100727313 /* LoginView.h */,
				040A0A3B1EC1B18100727313 /* LoginView.m */,
				040A0A3C1EC1B18100727313 /* RegisterView.h */,
				040A0A3D1EC1B18100727313 /* RegisterView.m */,
				040A0A441EC1B1C800727313 /* CheckUser.h */,
				040A0A451EC1B1C800727313 /* CheckUser.m */,
			);
			path = LoginControllerView;
			sourceTree = "<group>";
		};
		040C10351EBAB9F400E62BA1 /* GuessYouLike(猜你喜欢) */ = {
			isa = PBXGroup;
			children = (
				040C10361EBABA2100E62BA1 /* MC_GuessYouLikeCell.h */,
				040C10371EBABA2100E62BA1 /* MC_GuessYouLikeCell.m */,
				040C10381EBABA2100E62BA1 /* MC_GuessYouLikeCell.xib */,
			);
			path = "GuessYouLike(猜你喜欢)";
			sourceTree = "<group>";
		};
		040C103B1EBAC5EC00E62BA1 /* Cell */ = {
			isa = PBXGroup;
			children = (
				040C10571EBAF96900E62BA1 /* TableViewCell */,
				040C10511EBAF95700E62BA1 /* CollectionViewCell */,
			);
			path = Cell;
			sourceTree = "<group>";
		};
		040C10511EBAF95700E62BA1 /* CollectionViewCell */ = {
			isa = PBXGroup;
			children = (
				040C10521EBAF95700E62BA1 /* MC_CollectionViewCell.h */,
				040C10531EBAF95700E62BA1 /* MC_CollectionViewCell.m */,
				040C10541EBAF95700E62BA1 /* MC_CollectionViewCell.xib */,
			);
			path = CollectionViewCell;
			sourceTree = "<group>";
		};
		040C10571EBAF96900E62BA1 /* TableViewCell */ = {
			isa = PBXGroup;
			children = (
				040C10581EBAF98B00E62BA1 /* MC_CourseDetialCell.h */,
				040C10591EBAF98B00E62BA1 /* MC_CourseDetialCell.m */,
				040C105A1EBAF98B00E62BA1 /* MC_CourseDetialCell.xib */,
			);
			path = TableViewCell;
			sourceTree = "<group>";
		};
		040C10631EBB222A00E62BA1 /* Cells */ = {
			isa = PBXGroup;
			children = (
				040C10641EBB227C00E62BA1 /* MC_MineHeaderCell.h */,
				040C10651EBB227C00E62BA1 /* MC_MineHeaderCell.m */,
				040C10661EBB227C00E62BA1 /* MC_MineHeaderCell.xib */,
				040C106E1EBB442900E62BA1 /* MC_MineHeaderCellView.h */,
				040C106F1EBB442900E62BA1 /* MC_MineHeaderCellView.m */,
				040C10711EBB460700E62BA1 /* MC_MineHeaderCellView.xib */,
				040C10691EBB22C300E62BA1 /* MC_MineCell.h */,
				040C106A1EBB22C300E62BA1 /* MC_MineCell.m */,
				040C106B1EBB22C300E62BA1 /* MC_MineCell.xib */,
			);
			path = Cells;
			sourceTree = "<group>";
		};
		04447AD11EB9D65500AF0F3C /* TeacherRecommended(名师推荐) */ = {
			isa = PBXGroup;
			children = (
				04447AD71EB9D74400AF0F3C /* MC_TeacherRecommendedCell.h */,
				04447AD81EB9D74400AF0F3C /* MC_TeacherRecommendedCell.m */,
				04447AD91EB9D74400AF0F3C /* MC_TeacherRecommendedCell.xib */,
				04447ADC1EB9DC1900AF0F3C /* SubView */,
			);
			path = "TeacherRecommended(名师推荐)";
			sourceTree = "<group>";
		};
		04447ADC1EB9DC1900AF0F3C /* SubView */ = {
			isa = PBXGroup;
			children = (
				04447ADD1EB9DC3500AF0F3C /* MC_TeacherDetial.h */,
				04447ADE1EB9DC3500AF0F3C /* MC_TeacherDetial.m */,
			);
			path = SubView;
			sourceTree = "<group>";
		};
		0451FAD01EB5E89C007F72BA /* Cells */ = {
			isa = PBXGroup;
			children = (
				0451FAF51EB5E90F007F72BA /* BaseCell */,
				0451FAE21EB5E89C007F72BA /* HeaderCell(头部分类) */,
				0451FADA1EB5E89C007F72BA /* CourseRecommendCell(课程推荐) */,
				0451FAD51EB5E89C007F72BA /* CareerPathCell(职业路径) */,
				0451FAD11EB5E89C007F72BA /* AdvertisingCell(广告) */,
				0451FAD91EB5E89C007F72BA /* CombatRecommendCell(实战推荐) */,
				04447AD11EB9D65500AF0F3C /* TeacherRecommended(名师推荐) */,
				040C10351EBAB9F400E62BA1 /* GuessYouLike(猜你喜欢) */,
			);
			path = Cells;
			sourceTree = "<group>";
		};
		0451FAD11EB5E89C007F72BA /* AdvertisingCell(广告) */ = {
			isa = PBXGroup;
			children = (
				0451FAD21EB5E89C007F72BA /* MC_AdvertisingCell.h */,
				0451FAD31EB5E89C007F72BA /* MC_AdvertisingCell.m */,
				0451FAD41EB5E89C007F72BA /* MC_AdvertisingCell.xib */,
			);
			path = "AdvertisingCell(广告)";
			sourceTree = "<group>";
		};
		0451FAD51EB5E89C007F72BA /* CareerPathCell(职业路径) */ = {
			isa = PBXGroup;
			children = (
				0451FAD61EB5E89C007F72BA /* MC_CareerPathCell.h */,
				0451FAD71EB5E89C007F72BA /* MC_CareerPathCell.m */,
				0451FAD81EB5E89C007F72BA /* MC_CareerPathCell.xib */,
			);
			path = "CareerPathCell(职业路径)";
			sourceTree = "<group>";
		};
		0451FAD91EB5E89C007F72BA /* CombatRecommendCell(实战推荐) */ = {
			isa = PBXGroup;
			children = (
				0451FAF01EB5E8D0007F72BA /* MC_CombatRecommendCell.h */,
				0451FAF11EB5E8D0007F72BA /* MC_CombatRecommendCell.m */,
				0451FAF21EB5E8D0007F72BA /* MC_CombatRecommendCell.xib */,
			);
			path = "CombatRecommendCell(实战推荐)";
			sourceTree = "<group>";
		};
		0451FADA1EB5E89C007F72BA /* CourseRecommendCell(课程推荐) */ = {
			isa = PBXGroup;
			children = (
				0451FADB1EB5E89C007F72BA /* MC_CourseRecommendCell.h */,
				0451FADC1EB5E89C007F72BA /* MC_CourseRecommendCell.m */,
				0451FADD1EB5E89C007F72BA /* MC_CourseRecommendCell.xib */,
				0451FADE1EB5E89C007F72BA /* SubCell */,
			);
			path = "CourseRecommendCell(课程推荐)";
			sourceTree = "<group>";
		};
		0451FADE1EB5E89C007F72BA /* SubCell */ = {
			isa = PBXGroup;
			children = (
				0451FADF1EB5E89C007F72BA /* MC_SubView.h */,
				0451FAE01EB5E89C007F72BA /* MC_SubView.m */,
				0451FAE11EB5E89C007F72BA /* MC_SubView.xib */,
			);
			path = SubCell;
			sourceTree = "<group>";
		};
		0451FAE21EB5E89C007F72BA /* HeaderCell(头部分类) */ = {
			isa = PBXGroup;
			children = (
				0451FAE31EB5E89C007F72BA /* MC_HeaderCell.h */,
				0451FAE41EB5E89C007F72BA /* MC_HeaderCell.m */,
				0451FAE51EB5E89C007F72BA /* MC_HeaderCell.xib */,
				04F183371EC0AD6200751765 /* MC_HeaderDetialController.h */,
				04F183381EC0AD6200751765 /* MC_HeaderDetialController.m */,
			);
			path = "HeaderCell(头部分类)";
			sourceTree = "<group>";
		};
		0451FAF51EB5E90F007F72BA /* BaseCell */ = {
			isa = PBXGroup;
			children = (
				0451FAF61EB5E93F007F72BA /* MC_BaseCell.h */,
				0451FAF71EB5E93F007F72BA /* MC_BaseCell.m */,
			);
			path = BaseCell;
			sourceTree = "<group>";
		};
		0474F92F1EA0A197002395EE = {
			isa = PBXGroup;
			children = (
				0474F93A1EA0A197002395EE /* MOOC */,
				0474F9391EA0A197002395EE /* Products */,
				D4957E79A1393318D9ECC2E2 /* Pods */,
				4438330A3AEB6D25FEA11630 /* Frameworks */,
			);
			sourceTree = "<group>";
		};
		0474F9391EA0A197002395EE /* Products */ = {
			isa = PBXGroup;
			children = (
				0474F9381EA0A197002395EE /* MOOC.app */,
			);
			name = Products;
			sourceTree = "<group>";
		};
		0474F93A1EA0A197002395EE /* MOOC */ = {
			isa = PBXGroup;
			children = (
				04E938171EAF5F80008D6920 /* Main */,
				0474F93B1EA0A197002395EE /* Supporting Files */,
			);
			path = MOOC;
			sourceTree = "<group>";
		};
		0474F93B1EA0A197002395EE /* Supporting Files */ = {
			isa = PBXGroup;
			children = (
				04E26C121EA4AFD6007778C1 /* LaunchScreen.storyboard */,
				0474F9471EA0A197002395EE /* Assets.xcassets */,
				0474F94C1EA0A197002395EE /* Info.plist */,
				0474F93C1EA0A197002395EE /* main.m */,
				040A0A471EC1B2F200727313 /* Users.txt */,
			);
			name = "Supporting Files";
			sourceTree = "<group>";
		};
		04D2B0171EB329100030FF14 /* View */ = {
			isa = PBXGroup;
			children = (
				04D2B02D1EB329100030FF14 /* Delegate */,
				04D2B02A1EB329100030FF14 /* Config */,
				04D2B02F1EB329100030FF14 /* Headers */,
				0451FAD01EB5E89C007F72BA /* Cells */,
			);
			path = View;
			sourceTree = "<group>";
		};
		04D2B02A1EB329100030FF14 /* Config */ = {
			isa = PBXGroup;
			children = (
				04D2B02B1EB329100030FF14 /* MC_ServiceForHeaderViewAndCell.h */,
				04D2B02C1EB329100030FF14 /* MC_ServiceForHeaderViewAndCell.m */,
			);
			path = Config;
			sourceTree = "<group>";
		};
		04D2B02D1EB329100030FF14 /* Delegate */ = {
			isa = PBXGroup;
			children = (
				04D2B02E1EB329100030FF14 /* MC_PushToViewControllerProtocol.h */,
			);
			path = Delegate;
			sourceTree = "<group>";
		};
		04D2B02F1EB329100030FF14 /* Headers */ = {
			isa = PBXGroup;
			children = (
				04D2B0301EB329100030FF14 /* Header_Header */,
				04D2B0331EB329100030FF14 /* Section_Header */,
			);
			path = Headers;
			sourceTree = "<group>";
		};
		04D2B0301EB329100030FF14 /* Header_Header */ = {
			isa = PBXGroup;
			children = (
				04D2B0311EB329100030FF14 /* MC_Header_Header.h */,
				04D2B0321EB329100030FF14 /* MC_Header_Header.m */,
			);
			path = Header_Header;
			sourceTree = "<group>";
		};
		04D2B0331EB329100030FF14 /* Section_Header */ = {
			isa = PBXGroup;
			children = (
				04D2B0341EB329100030FF14 /* MC_SectionHeader.h */,
				04D2B0351EB329100030FF14 /* MC_SectionHeader.m */,
			);
			path = Section_Header;
			sourceTree = "<group>";
		};
		04E938171EAF5F80008D6920 /* Main */ = {
			isa = PBXGroup;
			children = (
				04E9381B1EAF5F80008D6920 /* Config */,
				04E938181EAF5F80008D6920 /* AppDelegate */,
				040A0A371EC1B18100727313 /* LoginControllerView */,
				04E938401EAF5F80008D6920 /* MainController */,
				04E9382E1EAF5F80008D6920 /* HomePage */,
				04E938221EAF5F80008D6920 /* Course */,
				04E938281EAF5F80008D6920 /* Download */,
				04E938431EAF5F80008D6920 /* Mine */,
				04E938491EAF5F80008D6920 /* Other */,
			);
			path = Main;
			sourceTree = "<group>";
		};
		04E938181EAF5F80008D6920 /* AppDelegate */ = {
			isa = PBXGroup;
			children = (
				04E938191EAF5F80008D6920 /* AppDelegate.h */,
				04E9381A1EAF5F80008D6920 /* AppDelegate.m */,
			);
			path = AppDelegate;
			sourceTree = "<group>";
		};
		04E9381B1EAF5F80008D6920 /* Config */ = {
			isa = PBXGroup;
			children = (
				04E9381C1EAF5F80008D6920 /* InfoPlist.strings */,
				04E9381E1EAF5F80008D6920 /* internationalization.strings */,
			);
			path = Config;
			sourceTree = "<group>";
		};
		04E938221EAF5F80008D6920 /* Course */ = {
			isa = PBXGroup;
			children = (
				04E938231EAF5F80008D6920 /* Controller */,
				04E938261EAF5F80008D6920 /* Model */,
				04E938271EAF5F80008D6920 /* View */,
			);
			path = Course;
			sourceTree = "<group>";
		};
		04E938231EAF5F80008D6920 /* Controller */ = {
			isa = PBXGroup;
			children = (
				04F183311EC09E8B00751765 /* PlayerToo */,
				04E938241EAF5F80008D6920 /* MC_CourseViewController.h */,
				04E938251EAF5F80008D6920 /* MC_CourseViewController.m */,
				04F183251EC0967800751765 /* MC_DetialController.h */,
				04F183261EC0967800751765 /* MC_DetialController.m */,
				04F183271EC0967800751765 /* MC_MenuController.h */,
				04F183281EC0967800751765 /* MC_MenuController.m */,
				04F1832B1EC096AB00751765 /* MC_BuyMenuController.h */,
				04F1832C1EC096AB00751765 /* MC_BuyMenuController.m */,
				04F1832E1EC09DE500751765 /* MC_VideoplayController.h */,
				04F1832F1EC09DE500751765 /* MC_VideoplayController.m */,
			);
			path = Controller;
			sourceTree = "<group>";
		};
		04E938261EAF5F80008D6920 /* Model */ = {
			isa = PBXGroup;
			children = (
			);
			path = Model;
			sourceTree = "<group>";
		};
		04E938271EAF5F80008D6920 /* View */ = {
			isa = PBXGroup;
			children = (
				040C103B1EBAC5EC00E62BA1 /* Cell */,
			);
			path = View;
			sourceTree = "<group>";
		};
		04E938281EAF5F80008D6920 /* Download */ = {
			isa = PBXGroup;
			children = (
				04E938291EAF5F80008D6920 /* Controller */,
				04E9382C1EAF5F80008D6920 /* Model */,
				04E9382D1EAF5F80008D6920 /* View */,
			);
			path = Download;
			sourceTree = "<group>";
		};
		04E938291EAF5F80008D6920 /* Controller */ = {
			isa = PBXGroup;
			children = (
				04E9382A1EAF5F80008D6920 /* MC_DownloadViewController.h */,
				04E9382B1EAF5F80008D6920 /* MC_DownloadViewController.m */,
			);
			path = Controller;
			sourceTree = "<group>";
		};
		04E9382C1EAF5F80008D6920 /* Model */ = {
			isa = PBXGroup;
			children = (
			);
			path = Model;
			sourceTree = "<group>";
		};
		04E9382D1EAF5F80008D6920 /* View */ = {
			isa = PBXGroup;
			children = (
				040C105D1EBB071100E62BA1 /* MC_CapacityView.h */,
				040C105E1EBB071100E62BA1 /* MC_CapacityView.m */,
			);
			path = View;
			sourceTree = "<group>";
		};
		04E9382E1EAF5F80008D6920 /* HomePage */ = {
			isa = PBXGroup;
			children = (
				04E9382F1EAF5F80008D6920 /* Controller */,
				04E938321EAF5F80008D6920 /* Model */,
				04D2B0171EB329100030FF14 /* View */,
			);
			path = HomePage;
			sourceTree = "<group>";
		};
		04E9382F1EAF5F80008D6920 /* Controller */ = {
			isa = PBXGroup;
			children = (
				04E938301EAF5F80008D6920 /* MC_HomePageViewController.h */,
				04E938311EAF5F80008D6920 /* MC_HomePageViewController.m */,
			);
			path = Controller;
			sourceTree = "<group>";
		};
		04E938321EAF5F80008D6920 /* Model */ = {
			isa = PBXGroup;
			children = (
			);
			path = Model;
			sourceTree = "<group>";
		};
		04E938401EAF5F80008D6920 /* MainController */ = {
			isa = PBXGroup;
			children = (
				04E938411EAF5F80008D6920 /* MC_MainControllerViewController.h */,
				04E938421EAF5F80008D6920 /* MC_MainControllerViewController.m */,
			);
			path = MainController;
			sourceTree = "<group>";
		};
		04E938431EAF5F80008D6920 /* Mine */ = {
			isa = PBXGroup;
			children = (
				04E938441EAF5F80008D6920 /* Controller */,
				04E938471EAF5F80008D6920 /* Model */,
				04E938481EAF5F80008D6920 /* View */,
			);
			path = Mine;
			sourceTree = "<group>";
		};
		04E938441EAF5F80008D6920 /* Controller */ = {
			isa = PBXGroup;
			children = (
				04E938451EAF5F80008D6920 /* MC_MineViewController.h */,
				04E938461EAF5F80008D6920 /* MC_MineViewController.m */,
			);
			path = Controller;
			sourceTree = "<group>";
		};
		04E938471EAF5F80008D6920 /* Model */ = {
			isa = PBXGroup;
			children = (
			);
			path = Model;
			sourceTree = "<group>";
		};
		04E938481EAF5F80008D6920 /* View */ = {
			isa = PBXGroup;
			children = (
				040C10631EBB222A00E62BA1 /* Cells */,
			);
			path = View;
			sourceTree = "<group>";
		};
		04E938491EAF5F80008D6920 /* Other */ = {
			isa = PBXGroup;
			children = (
				04E9384A1EAF5F80008D6920 /* MOOCHeader.pch */,
				04E9384B1EAF5F80008D6920 /* UIView+Frame.h */,
				04E9384C1EAF5F80008D6920 /* UIView+Frame.m */,
				040C10601EBB1CA500E62BA1 /* UIImage+UIColor.h */,
				040C10611EBB1CA500E62BA1 /* UIImage+UIColor.m */,
			);
			path = Other;
			sourceTree = "<group>";
		};
		04F183311EC09E8B00751765 /* PlayerToo */ = {
			isa = PBXGroup;
			children = (
				04F183321EC09E8B00751765 /* PlayerView.h */,
				04F183331EC09E8B00751765 /* PlayerView.m */,
				04F183341EC09E8B00751765 /* PlayerView.xib */,
			);
			path = PlayerToo;
			sourceTree = "<group>";
		};
		4438330A3AEB6D25FEA11630 /* Frameworks */ = {
			isa = PBXGroup;
			children = (
				D994A27451854C008FA14C58 /* libPods-MOOC.a */,
			);
			name = Frameworks;
			sourceTree = "<group>";
		};
		D4957E79A1393318D9ECC2E2 /* Pods */ = {
			isa = PBXGroup;
			children = (
				350FE540159103E38D109308 /* Pods-MOOC.debug.xcconfig */,
				9852E0654E0CE718799F9128 /* Pods-MOOC.release.xcconfig */,
			);
			name = Pods;
			sourceTree = "<group>";
		};
/* End PBXGroup section */

/* Begin PBXNativeTarget section */
		0474F9371EA0A197002395EE /* MOOC */ = {
			isa = PBXNativeTarget;
			buildConfigurationList = 0474F94F1EA0A197002395EE /* Build configuration list for PBXNativeTarget "MOOC" */;
			buildPhases = (
				D346572280C8DE058D5DD6C8 /* [CP] Check Pods Manifest.lock */,
				0474F9341EA0A197002395EE /* Sources */,
				0474F9351EA0A197002395EE /* Frameworks */,
				0474F9361EA0A197002395EE /* Resources */,
				0AF1BC118DD0795123BFE96E /* [CP] Embed Pods Frameworks */,
				11D8FCD3C55CC129F4E7FF44 /* [CP] Copy Pods Resources */,
			);
			buildRules = (
			);
			dependencies = (
			);
			name = MOOC;
			productName = MOOC;
			productReference = 0474F9381EA0A197002395EE /* MOOC.app */;
			productType = "com.apple.product-type.application";
		};
/* End PBXNativeTarget section */

/* Begin PBXProject section */
		0474F9301EA0A197002395EE /* Project object */ = {
			isa = PBXProject;
			attributes = {
				CLASSPREFIX = MC_;
				LastUpgradeCheck = 0820;
				ORGANIZATIONNAME = DingYahao;
				TargetAttributes = {
					0474F9371EA0A197002395EE = {
						CreatedOnToolsVersion = 8.2.1;
						ProvisioningStyle = Manual;
					};
				};
			};
			buildConfigurationList = 0474F9331EA0A197002395EE /* Build configuration list for PBXProject "MOOC" */;
			compatibilityVersion = "Xcode 3.2";
			developmentRegion = English;
			hasScannedForEncodings = 0;
			knownRegions = (
				"zh-Hans",
				Base,
				en,
			);
			mainGroup = 0474F92F1EA0A197002395EE;
			productRefGroup = 0474F9391EA0A197002395EE /* Products */;
			projectDirPath = "";
			projectRoot = "";
			targets = (
				0474F9371EA0A197002395EE /* MOOC */,
			);
		};
/* End PBXProject section */

/* Begin PBXResourcesBuildPhase section */
		0474F9361EA0A197002395EE /* Resources */ = {
			isa = PBXResourcesBuildPhase;
			buildActionMask = 2147483647;
			files = (
				040C103A1EBABA2100E62BA1 /* MC_GuessYouLikeCell.xib in Resources */,
				040C10721EBB460700E62BA1 /* MC_MineHeaderCellView.xib in Resources */,
				040C10681EBB227C00E62BA1 /* MC_MineHeaderCell.xib in Resources */,
				0451FAE91EB5E89C007F72BA /* MC_CareerPathCell.xib in Resources */,
				04E26C141EA4AFD6007778C1 /* LaunchScreen.storyboard in Resources */,
				04E9384E1EAF5F80008D6920 /* InfoPlist.strings in Resources */,
				0451FAED1EB5E89C007F72BA /* MC_SubView.xib in Resources */,
				0451FAF41EB5E8D0007F72BA /* MC_CombatRecommendCell.xib in Resources */,
				040A0A481EC1B2F200727313 /* Users.txt in Resources */,
				04447ADB1EB9D74400AF0F3C /* MC_TeacherRecommendedCell.xib in Resources */,
				040C106D1EBB22C300E62BA1 /* MC_MineCell.xib in Resources */,
				0451FAEB1EB5E89C007F72BA /* MC_CourseRecommendCell.xib in Resources */,
				04F183361EC09E8B00751765 /* PlayerView.xib in Resources */,
				0451FAEF1EB5E89C007F72BA /* MC_HeaderCell.xib in Resources */,
				0451FAE71EB5E89C007F72BA /* MC_AdvertisingCell.xib in Resources */,
				04E9384F1EAF5F80008D6920 /* internationalization.strings in Resources */,
				040C105C1EBAF98B00E62BA1 /* MC_CourseDetialCell.xib in Resources */,
				0474F9481EA0A197002395EE /* Assets.xcassets in Resources */,
				040C10561EBAF95700E62BA1 /* MC_CollectionViewCell.xib in Resources */,
			);
			runOnlyForDeploymentPostprocessing = 0;
		};
/* End PBXResourcesBuildPhase section */

/* Begin PBXShellScriptBuildPhase section */
		0AF1BC118DD0795123BFE96E /* [CP] Embed Pods Frameworks */ = {
			isa = PBXShellScriptBuildPhase;
			buildActionMask = 2147483647;
			files = (
			);
			inputPaths = (
			);
			name = "[CP] Embed Pods Frameworks";
			outputPaths = (
			);
			runOnlyForDeploymentPostprocessing = 0;
			shellPath = /bin/sh;
			shellScript = "\"${SRCROOT}/Pods/Target Support Files/Pods-MOOC/Pods-MOOC-frameworks.sh\"\n";
			showEnvVarsInLog = 0;
		};
		11D8FCD3C55CC129F4E7FF44 /* [CP] Copy Pods Resources */ = {
			isa = PBXShellScriptBuildPhase;
			buildActionMask = 2147483647;
			files = (
			);
			inputPaths = (
			);
			name = "[CP] Copy Pods Resources";
			outputPaths = (
			);
			runOnlyForDeploymentPostprocessing = 0;
			shellPath = /bin/sh;
			shellScript = "\"${SRCROOT}/Pods/Target Support Files/Pods-MOOC/Pods-MOOC-resources.sh\"\n";
			showEnvVarsInLog = 0;
		};
		D346572280C8DE058D5DD6C8 /* [CP] Check Pods Manifest.lock */ = {
			isa = PBXShellScriptBuildPhase;
			buildActionMask = 2147483647;
			files = (
			);
			inputPaths = (
			);
			name = "[CP] Check Pods Manifest.lock";
			outputPaths = (
			);
			runOnlyForDeploymentPostprocessing = 0;
			shellPath = /bin/sh;
			shellScript = "diff \"${PODS_PODFILE_DIR_PATH}/Podfile.lock\" \"${PODS_ROOT}/Manifest.lock\" > /dev/null\nif [ $? != 0 ] ; then\n    # print error to STDERR\n    echo \"error: The sandbox is not in sync with the Podfile.lock. Run 'pod install' or update your CocoaPods installation.\" >&2\n    exit 1\nfi\n";
			showEnvVarsInLog = 0;
		};
/* End PBXShellScriptBuildPhase section */

/* Begin PBXSourcesBuildPhase section */
		0474F9341EA0A197002395EE /* Sources */ = {
			isa = PBXSourcesBuildPhase;
			buildActionMask = 2147483647;
			files = (
				04E938511EAF5F80008D6920 /* MC_DownloadViewController.m in Sources */,
				04F183391EC0AD6200751765 /* MC_HeaderDetialController.m in Sources */,
				040C106C1EBB22C300E62BA1 /* MC_MineCell.m in Sources */,
				0451FAEA1EB5E89C007F72BA /* MC_CourseRecommendCell.m in Sources */,
				040C10551EBAF95700E62BA1 /* MC_CollectionViewCell.m in Sources */,
				040C10701EBB442900E62BA1 /* MC_MineHeaderCellView.m in Sources */,
				040C10391EBABA2100E62BA1 /* MC_GuessYouLikeCell.m in Sources */,
				0451FAF31EB5E8D0007F72BA /* MC_CombatRecommendCell.m in Sources */,
				0451FAEE1EB5E89C007F72BA /* MC_HeaderCell.m in Sources */,
				0451FAF81EB5E93F007F72BA /* MC_BaseCell.m in Sources */,
				04E9384D1EAF5F80008D6920 /* AppDelegate.m in Sources */,
				0451FAE61EB5E89C007F72BA /* MC_AdvertisingCell.m in Sources */,
				04447ADF1EB9DC3500AF0F3C /* MC_TeacherDetial.m in Sources */,
				0474F93D1EA0A197002395EE /* main.m in Sources */,
				04F183291EC0967800751765 /* MC_DetialController.m in Sources */,
				040C10671EBB227C00E62BA1 /* MC_MineHeaderCell.m in Sources */,
				04D2B03F1EB329100030FF14 /* MC_Header_Header.m in Sources */,
				040C105B1EBAF98B00E62BA1 /* MC_CourseDetialCell.m in Sources */,
				0451FAEC1EB5E89C007F72BA /* MC_SubView.m in Sources */,
				040A0A461EC1B1C800727313 /* CheckUser.m in Sources */,
				04E938581EAF5F80008D6920 /* MC_MineViewController.m in Sources */,
				04F183301EC09DE500751765 /* MC_VideoplayController.m in Sources */,
				0451FAE81EB5E89C007F72BA /* MC_CareerPathCell.m in Sources */,
				04F1832A1EC0967800751765 /* MC_MenuController.m in Sources */,
				04F183351EC09E8B00751765 /* PlayerView.m in Sources */,
				04F1832D1EC096AB00751765 /* MC_BuyMenuController.m in Sources */,
				04447ADA1EB9D74400AF0F3C /* MC_TeacherRecommendedCell.m in Sources */,
				04E938571EAF5F80008D6920 /* MC_MainControllerViewController.m in Sources */,
				040C10621EBB1CA500E62BA1 /* UIImage+UIColor.m in Sources */,
				04E938501EAF5F80008D6920 /* MC_CourseViewController.m in Sources */,
				040A0A421EC1B18100727313 /* RegisterView.m in Sources */,
				040A0A411EC1B18100727313 /* LoginView.m in Sources */,
				04E938521EAF5F80008D6920 /* MC_HomePageViewController.m in Sources */,
				040A0A431EC1B18100727313 /* StartUp.m in Sources */,
				040C105F1EBB071100E62BA1 /* MC_CapacityView.m in Sources */,
				04D2B0401EB329100030FF14 /* MC_SectionHeader.m in Sources */,
				04E938591EAF5F80008D6920 /* UIView+Frame.m in Sources */,
				04D2B03E1EB329100030FF14 /* MC_ServiceForHeaderViewAndCell.m in Sources */,
			);
			runOnlyForDeploymentPostprocessing = 0;
		};
/* End PBXSourcesBuildPhase section */

/* Begin PBXVariantGroup section */
		04E26C121EA4AFD6007778C1 /* LaunchScreen.storyboard */ = {
			isa = PBXVariantGroup;
			children = (
				04E26C251EA4B0D2007778C1 /* en */,
				04E26C261EA4B0D8007778C1 /* zh-Hans */,
				04E26C281EA4B3ED007778C1 /* Base */,
			);
			name = LaunchScreen.storyboard;
			sourceTree = "<group>";
		};
		04E9381C1EAF5F80008D6920 /* InfoPlist.strings */ = {
			isa = PBXVariantGroup;
			children = (
				04E9381D1EAF5F80008D6920 /* en */,
				04E938201EAF5F80008D6920 /* zh-Hans */,
			);
			name = InfoPlist.strings;
			sourceTree = "<group>";
		};
		04E9381E1EAF5F80008D6920 /* internationalization.strings */ = {
			isa = PBXVariantGroup;
			children = (
				04E9381F1EAF5F80008D6920 /* en */,
				04E938211EAF5F80008D6920 /* zh-Hans */,
			);
			name = internationalization.strings;
			sourceTree = "<group>";
		};
/* End PBXVariantGroup section */

/* Begin XCBuildConfiguration section */
		0474F94D1EA0A197002395EE /* Debug */ = {
			isa = XCBuildConfiguration;
			buildSettings = {
				ALWAYS_SEARCH_USER_PATHS = NO;
				CLANG_ANALYZER_LOCALIZABILITY_NONLOCALIZED = YES;
				CLANG_ANALYZER_NONNULL = YES;
				CLANG_CXX_LANGUAGE_STANDARD = "gnu++0x";
				CLANG_CXX_LIBRARY = "libc++";
				CLANG_ENABLE_MODULES = YES;
				CLANG_ENABLE_OBJC_ARC = YES;
				CLANG_WARN_BOOL_CONVERSION = YES;
				CLANG_WARN_CONSTANT_CONVERSION = YES;
				CLANG_WARN_DIRECT_OBJC_ISA_USAGE = YES_ERROR;
				CLANG_WARN_DOCUMENTATION_COMMENTS = YES;
				CLANG_WARN_EMPTY_BODY = YES;
				CLANG_WARN_ENUM_CONVERSION = YES;
				CLANG_WARN_INFINITE_RECURSION = YES;
				CLANG_WARN_INT_CONVERSION = YES;
				CLANG_WARN_OBJC_ROOT_CLASS = YES_ERROR;
				CLANG_WARN_SUSPICIOUS_MOVE = YES;
				CLANG_WARN_UNREACHABLE_CODE = YES;
				CLANG_WARN__DUPLICATE_METHOD_MATCH = YES;
				"CODE_SIGN_IDENTITY[sdk=iphoneos*]" = "iPhone Developer";
				COPY_PHASE_STRIP = NO;
				DEBUG_INFORMATION_FORMAT = dwarf;
				ENABLE_STRICT_OBJC_MSGSEND = YES;
				ENABLE_TESTABILITY = YES;
				GCC_C_LANGUAGE_STANDARD = gnu99;
				GCC_DYNAMIC_NO_PIC = NO;
				GCC_NO_COMMON_BLOCKS = YES;
				GCC_OPTIMIZATION_LEVEL = 0;
				GCC_PREPROCESSOR_DEFINITIONS = (
					"DEBUG=1",
					"$(inherited)",
				);
				GCC_WARN_64_TO_32_BIT_CONVERSION = YES;
				GCC_WARN_ABOUT_RETURN_TYPE = YES_ERROR;
				GCC_WARN_UNDECLARED_SELECTOR = YES;
				GCC_WARN_UNINITIALIZED_AUTOS = YES_AGGRESSIVE;
				GCC_WARN_UNUSED_FUNCTION = YES;
				GCC_WARN_UNUSED_VARIABLE = YES;
				IPHONEOS_DEPLOYMENT_TARGET = 10.2;
				MTL_ENABLE_DEBUG_INFO = YES;
				ONLY_ACTIVE_ARCH = YES;
				SDKROOT = iphoneos;
			};
			name = Debug;
		};
		0474F94E1EA0A197002395EE /* Release */ = {
			isa = XCBuildConfiguration;
			buildSettings = {
				ALWAYS_SEARCH_USER_PATHS = NO;
				CLANG_ANALYZER_LOCALIZABILITY_NONLOCALIZED = YES;
				CLANG_ANALYZER_NONNULL = YES;
				CLANG_CXX_LANGUAGE_STANDARD = "gnu++0x";
				CLANG_CXX_LIBRARY = "libc++";
				CLANG_ENABLE_MODULES = YES;
				CLANG_ENABLE_OBJC_ARC = YES;
				CLANG_WARN_BOOL_CONVERSION = YES;
				CLANG_WARN_CONSTANT_CONVERSION = YES;
				CLANG_WARN_DIRECT_OBJC_ISA_USAGE = YES_ERROR;
				CLANG_WARN_DOCUMENTATION_COMMENTS = YES;
				CLANG_WARN_EMPTY_BODY = YES;
				CLANG_WARN_ENUM_CONVERSION = YES;
				CLANG_WARN_INFINITE_RECURSION = YES;
				CLANG_WARN_INT_CONVERSION = YES;
				CLANG_WARN_OBJC_ROOT_CLASS = YES_ERROR;
				CLANG_WARN_SUSPICIOUS_MOVE = YES;
				CLANG_WARN_UNREACHABLE_CODE = YES;
				CLANG_WARN__DUPLICATE_METHOD_MATCH = YES;
				"CODE_SIGN_IDENTITY[sdk=iphoneos*]" = "iPhone Developer";
				COPY_PHASE_STRIP = NO;
				DEBUG_INFORMATION_FORMAT = "dwarf-with-dsym";
				ENABLE_NS_ASSERTIONS = NO;
				ENABLE_STRICT_OBJC_MSGSEND = YES;
				GCC_C_LANGUAGE_STANDARD = gnu99;
				GCC_NO_COMMON_BLOCKS = YES;
				GCC_WARN_64_TO_32_BIT_CONVERSION = YES;
				GCC_WARN_ABOUT_RETURN_TYPE = YES_ERROR;
				GCC_WARN_UNDECLARED_SELECTOR = YES;
				GCC_WARN_UNINITIALIZED_AUTOS = YES_AGGRESSIVE;
				GCC_WARN_UNUSED_FUNCTION = YES;
				GCC_WARN_UNUSED_VARIABLE = YES;
				IPHONEOS_DEPLOYMENT_TARGET = 10.2;
				MTL_ENABLE_DEBUG_INFO = NO;
				SDKROOT = iphoneos;
				VALIDATE_PRODUCT = YES;
			};
			name = Release;
		};
		0474F9501EA0A197002395EE /* Debug */ = {
			isa = XCBuildConfiguration;
			baseConfigurationReference = 350FE540159103E38D109308 /* Pods-MOOC.debug.xcconfig */;
			buildSettings = {
				ASSETCATALOG_COMPILER_APPICON_NAME = AppIcon;
				ASSETCATALOG_COMPILER_LAUNCHIMAGE_NAME = LaunchImage;
				"CODE_SIGN_IDENTITY[sdk=iphoneos*]" = "iPhone Developer";
				DEVELOPMENT_TEAM = "";
				GCC_PRECOMPILE_PREFIX_HEADER = YES;
				GCC_PREFIX_HEADER = "$(SRCROOT)/MOOC/Main/Other/MOOCHeader.pch";
				INFOPLIST_FILE = MOOC/Info.plist;
				LD_RUNPATH_SEARCH_PATHS = "$(inherited) @executable_path/Frameworks";
				PRODUCT_BUNDLE_IDENTIFIER = com.dingyahao.www.MOOC;
				PRODUCT_NAME = "$(TARGET_NAME)";
				TARGETED_DEVICE_FAMILY = 1;
			};
			name = Debug;
		};
		0474F9511EA0A197002395EE /* Release */ = {
			isa = XCBuildConfiguration;
			baseConfigurationReference = 9852E0654E0CE718799F9128 /* Pods-MOOC.release.xcconfig */;
			buildSettings = {
				ASSETCATALOG_COMPILER_APPICON_NAME = AppIcon;
				ASSETCATALOG_COMPILER_LAUNCHIMAGE_NAME = LaunchImage;
				"CODE_SIGN_IDENTITY[sdk=iphoneos*]" = "iPhone Developer";
				DEVELOPMENT_TEAM = "";
				GCC_PRECOMPILE_PREFIX_HEADER = YES;
				GCC_PREFIX_HEADER = "$(SRCROOT)/MOOC/Main/Other/MOOCHeader.pch";
				INFOPLIST_FILE = MOOC/Info.plist;
				LD_RUNPATH_SEARCH_PATHS = "$(inherited) @executable_path/Frameworks";
				PRODUCT_BUNDLE_IDENTIFIER = com.dingyahao.www.MOOC;
				PRODUCT_NAME = "$(TARGET_NAME)";
				TARGETED_DEVICE_FAMILY = 1;
			};
			name = Release;
		};
/* End XCBuildConfiguration section */

/* Begin XCConfigurationList section */
		0474F9331EA0A197002395EE /* Build configuration list for PBXProject "MOOC" */ = {
			isa = XCConfigurationList;
			buildConfigurations = (
				0474F94D1EA0A197002395EE /* Debug */,
				0474F94E1EA0A197002395EE /* Release */,
			);
			defaultConfigurationIsVisible = 0;
			defaultConfigurationName = Release;
		};
		0474F94F1EA0A197002395EE /* Build configuration list for PBXNativeTarget "MOOC" */ = {
			isa = XCConfigurationList;
			buildConfigurations = (
				0474F9501EA0A197002395EE /* Debug */,
				0474F9511EA0A197002395EE /* Release */,
			);
			defaultConfigurationIsVisible = 0;
			defaultConfigurationName = Release;
		};
/* End XCConfigurationList section */
	};
	rootObject = 0474F9301EA0A197002395EE /* Project object */;
}
